
Microsoft Visual Studio Solution File, Format Version 12.00
# Visual Studio Version 17
VisualStudioVersion = 17.2.32630.192
MinimumVisualStudioVersion = 10.0.40219.1
Project("{9A19103F-16F7-4668-BE54-9A1E7A4F7556}") = "KampIntro", "KampIntro\KampIntro.csproj", "{B8BA6861-C6AA-4E7E-B7B2-D05E2CB1B8E0}"
EndProject
Project("{9A19103F-16F7-4668-BE54-9A1E7A4F7556}") = "Donguler", "Donguler\Donguler.csproj", "{309BDBE5-C687-4CF3-AA0B-0C77A05BE5B9}"
EndProject
Project("{9A19103F-16F7-4668-BE54-9A1E7A4F7556}") = "ClassIntro", "ClassIntro\ClassIntro.csproj", "{39967317-0143-49F1-90F5-7F921551E591}"
EndProject
Project("{9A19103F-16F7-4668-BE54-9A1E7A4F7556}") = "Metotlar", "Metotlar\Metotlar.csproj", "{D5D01E3F-A062-4DFD-A549-1472400D4EEF}"
EndProject
Project("{9A19103F-16F7-4668-BE54-9A1E7A4F7556}") = "Matematik", "Matematik\Matematik.csproj", "{7789D466-9A38-4B7D-A6FA-059A7C959107}"
EndProject
Project("{9A19103F-16F7-4668-BE54-9A1E7A4F7556}") = "DegerVeReferansTipler", "DegerVeReferansTipler\DegerVeReferansTipler.csproj", "{11C889DB-617D-44FA-9EDA-957D4F1F5186}"
EndProject
Project("{FAE04EC0-301F-11D3-BF4B-00C04F79EFBC}") = "OOP1", "OOP1\OOP1.csproj", "{AF7D927D-52F2-4804-9FF0-F61A842B8969}"
EndProject
Project("{FAE04EC0-301F-11D3-BF4B-00C04F79EFBC}") = "Koleksiyonlar", "Koleksiyonlar\Koleksiyonlar.csproj", "{242181F9-3866-46EA-BD0E-A736A8432180}"
EndProject
Project("{FAE04EC0-301F-11D3-BF4B-00C04F79EFBC}") = "GenericsIntro", "GenericsIntro\GenericsIntro.csproj", "{58D2A068-429E-4831-A9F2-446A6F94043C}"
EndProject
Global
	GlobalSection(SolutionConfigurationPlatforms) = preSolution
		Debug|Any CPU = Debug|Any CPU
		Release|Any CPU = Release|Any CPU
	EndGlobalSection
	GlobalSection(ProjectConfigurationPlatforms) = postSolution
		{B8BA6861-C6AA-4E7E-B7B2-D05E2CB1B8E0}.Debug|Any CPU.ActiveCfg = Debug|Any CPU
		{B8BA6861-C6AA-4E7E-B7B2-D05E2CB1B8E0}.Debug|Any CPU.Build.0 = Debug|Any CPU
		{B8BA6861-C6AA-4E7E-B7B2-D05E2CB1B8E0}.Release|Any CPU.ActiveCfg = Release|Any CPU
		{B8BA6861-C6AA-4E7E-B7B2-D05E2CB1B8E0}.Release|Any CPU.Build.0 = Release|Any CPU
		{309BDBE5-C687-4CF3-AA0B-0C77A05BE5B9}.Debug|Any CPU.ActiveCfg = Debug|Any CPU
		{309BDBE5-C687-4CF3-AA0B-0C77A05BE5B9}.Debug|Any CPU.Build.0 = Debug|Any CPU
		{309BDBE5-C687-4CF3-AA0B-0C77A05BE5B9}.Release|Any CPU.ActiveCfg = Release|Any CPU
		{309BDBE5-C687-4CF3-AA0B-0C77A05BE5B9}.Release|Any CPU.Build.0 = Release|Any CPU
		{39967317-0143-49F1-90F5-7F921551E591}.Debug|Any CPU.ActiveCfg = Debug|Any CPU
		{39967317-0143-49F1-90F5-7F921551E591}.Debug|Any CPU.Build.0 = Debug|Any CPU
		{39967317-0143-49F1-90F5-7F921551E591}.Release|Any CPU.ActiveCfg = Release|Any CPU
		{39967317-0143-49F1-90F5-7F921551E591}.Release|Any CPU.Build.0 = Release|Any CPU
		{D5D01E3F-A062-4DFD-A549-1472400D4EEF}.Debug|Any CPU.ActiveCfg = Debug|Any CPU
		{D5D01E3F-A062-4DFD-A549-1472400D4EEF}.Debug|Any CPU.Build.0 = Debug|Any CPU
		{D5D01E3F-A062-4DFD-A549-1472400D4EEF}.Release|Any CPU.ActiveCfg = Release|Any CPU
		{D5D01E3F-A062-4DFD-A549-1472400D4EEF}.Release|Any CPU.Build.0 = Release|Any CPU
		{7789D466-9A38-4B7D-A6FA-059A7C959107}.Debug|Any CPU.ActiveCfg = Debug|Any CPU
		{7789D466-9A38-4B7D-A6FA-059A7C959107}.Debug|Any CPU.Build.0 = Debug|Any CPU
		{7789D466-9A38-4B7D-A6FA-059A7C959107}.Release|Any CPU.ActiveCfg = Release|Any CPU
		{7789D466-9A38-4B7D-A6FA-059A7C959107}.Release|Any CPU.Build.0 = Release|Any CPU
		{11C889DB-617D-44FA-9EDA-957D4F1F5186}.Debug|Any CPU.ActiveCfg = Debug|Any CPU
		{11C889DB-617D-44FA-9EDA-957D4F1F5186}.Debug|Any CPU.Build.0 = Debug|Any CPU
		{11C889DB-617D-44FA-9EDA-957D4F1F5186}.Release|Any CPU.ActiveCfg = Release|Any CPU
		{11C889DB-617D-44FA-9EDA-957D4F1F5186}.Release|Any CPU.Build.0 = Release|Any CPU
		{AF7D927D-52F2-4804-9FF0-F61A842B8969}.Debug|Any CPU.ActiveCfg = Debug|Any CPU
		{AF7D927D-52F2-4804-9FF0-F61A842B8969}.Debug|Any CPU.Build.0 = Debug|Any CPU
		{AF7D927D-52F2-4804-9FF0-F61A842B8969}.Release|Any CPU.ActiveCfg = Release|Any CPU
		{AF7D927D-52F2-4804-9FF0-F61A842B8969}.Release|Any CPU.Build.0 = Release|Any CPU
		{242181F9-3866-46EA-BD0E-A736A8432180}.Debug|Any CPU.ActiveCfg = Debug|Any CPU
		{242181F9-3866-46EA-BD0E-A736A8432180}.Debug|Any CPU.Build.0 = Debug|Any CPU
		{242181F9-3866-46EA-BD0E-A736A8432180}.Release|Any CPU.ActiveCfg = Release|Any CPU
		{242181F9-3866-46EA-BD0E-A736A8432180}.Release|Any CPU.Build.0 = Release|Any CPU
		{58D2A068-429E-4831-A9F2-446A6F94043C}.Debug|Any CPU.ActiveCfg = Debug|Any CPU
		{58D2A068-429E-4831-A9F2-446A6F94043C}.Debug|Any CPU.Build.0 = Debug|Any CPU
		{58D2A068-429E-4831-A9F2-446A6F94043C}.Release|Any CPU.ActiveCfg = Release|Any CPU
		{58D2A068-429E-4831-A9F2-446A6F94043C}.Release|Any CPU.Build.0 = Release|Any CPU
	EndGlobalSection
	GlobalSection(SolutionProperties) = preSolution
		HideSolutionNode = FALSE
	EndGlobalSection
	GlobalSection(ExtensibilityGlobals) = postSolution
		SolutionGuid = {E1B8D475-15DD-4326-9581-C238CFC1711E}
	EndGlobalSection
EndGlobal
